{
    "_meta": {
        "hash": {
            "sha256": "1edb1b3301a3d8774cbfe0911214cce6b57730256edddbaa2d4b5934c69d5faa"
        },
        "pipfile-spec": 6,
        "requires": {
            "python_version": "3.7"
        },
        "sources": [
            {
                "name": "pypi",
                "url": "https://pypi.org/simple",
                "verify_ssl": true
            }
        ]
    },
    "default": {
        "importlib-metadata": {
            "hashes": [
                "sha256:833b26fb89d5de469b24a390e9df088d4e52e4ba33b01dc5e0e4f41b81a16c00",
                "sha256:b142cc1dd1342f31ff04bb7d022492b09920cb64fed867cd3ea6f80fe3ebd139"
            ],
            "markers": "python_version < '3.8'",
            "version": "==4.5.0"
        },
        "inflect": {
            "hashes": [
                "sha256:4bafdc6bcfd83ee1e5874607577f7388cd3492cbdb06fc875979c6398ad41ab0",
                "sha256:b7043603072911713f0c82ca0942078d5d53d8ac249ca2e1c25586d9cfb866d4"
            ],
            "index": "pypi",
            "version": "==4.0.0"
        },
        "pillow": {
            "hashes": [
                "sha256:01425106e4e8cee195a411f729cff2a7d61813b0b11737c12bd5991f5f14bcd5",
                "sha256:031a6c88c77d08aab84fecc05c3cde8414cd6f8406f4d2b16fed1e97634cc8a4",
                "sha256:083781abd261bdabf090ad07bb69f8f5599943ddb539d64497ed021b2a67e5a9",
                "sha256:0d19d70ee7c2ba97631bae1e7d4725cdb2ecf238178096e8c82ee481e189168a",
                "sha256:0e04d61f0064b545b989126197930807c86bcbd4534d39168f4aa5fda39bb8f9",
                "sha256:12e5e7471f9b637762453da74e390e56cc43e486a88289995c1f4c1dc0bfe727",
                "sha256:22fd0f42ad15dfdde6c581347eaa4adb9a6fc4b865f90b23378aa7914895e120",
                "sha256:238c197fc275b475e87c1453b05b467d2d02c2915fdfdd4af126145ff2e4610c",
                "sha256:3b570f84a6161cf8865c4e08adf629441f56e32f180f7aa4ccbd2e0a5a02cba2",
                "sha256:463822e2f0d81459e113372a168f2ff59723e78528f91f0bd25680ac185cf797",
                "sha256:4d98abdd6b1e3bf1a1cbb14c3895226816e666749ac040c4e2554231068c639b",
                "sha256:5afe6b237a0b81bd54b53f835a153770802f164c5570bab5e005aad693dab87f",
                "sha256:5b70110acb39f3aff6b74cf09bb4169b167e2660dabc304c1e25b6555fa781ef",
                "sha256:5cbf3e3b1014dddc45496e8cf38b9f099c95a326275885199f427825c6522232",
                "sha256:624b977355cde8b065f6d51b98497d6cd5fbdd4f36405f7a8790e3376125e2bb",
                "sha256:63728564c1410d99e6d1ae8e3b810fe012bc440952168af0a2877e8ff5ab96b9",
                "sha256:66cc56579fd91f517290ab02c51e3a80f581aba45fd924fcdee01fa06e635812",
                "sha256:6c32cc3145928c4305d142ebec682419a6c0a8ce9e33db900027ddca1ec39178",
                "sha256:8b56553c0345ad6dcb2e9b433ae47d67f95fc23fe28a0bde15a120f25257e291",
                "sha256:8bb1e155a74e1bfbacd84555ea62fa21c58e0b4e7e6b20e4447b8d07990ac78b",
                "sha256:95d5ef984eff897850f3a83883363da64aae1000e79cb3c321915468e8c6add5",
                "sha256:a013cbe25d20c2e0c4e85a9daf438f85121a4d0344ddc76e33fd7e3965d9af4b",
                "sha256:a787ab10d7bb5494e5f76536ac460741788f1fbce851068d73a87ca7c35fc3e1",
                "sha256:a7d5e9fad90eff8f6f6106d3b98b553a88b6f976e51fce287192a5d2d5363713",
                "sha256:aac00e4bc94d1b7813fe882c28990c1bc2f9d0e1aa765a5f2b516e8a6a16a9e4",
                "sha256:b91c36492a4bbb1ee855b7d16fe51379e5f96b85692dc8210831fbb24c43e484",
                "sha256:c03c07ed32c5324939b19e36ae5f75c660c81461e312a41aea30acdd46f93a7c",
                "sha256:c5236606e8570542ed424849f7852a0ff0bce2c4c8d0ba05cc202a5a9c97dee9",
                "sha256:c6b39294464b03457f9064e98c124e09008b35a62e3189d3513e5148611c9388",
                "sha256:cb7a09e173903541fa888ba010c345893cd9fc1b5891aaf060f6ca77b6a3722d",
                "sha256:d68cb92c408261f806b15923834203f024110a2e2872ecb0bd2a110f89d3c602",
                "sha256:dc38f57d8f20f06dd7c3161c59ca2c86893632623f33a42d592f097b00f720a9",
                "sha256:e98eca29a05913e82177b3ba3d198b1728e164869c613d76d0de4bde6768a50e",
                "sha256:f217c3954ce5fd88303fc0c317af55d5e0204106d86dea17eb8205700d47dec2"
            ],
            "index": "pypi",
            "version": "==8.2.0"
        },
        "pycairo": {
            "hashes": [
                "sha256:dcb853fd020729516e8828ad364084e752327d4cff8505d20b13504b32b16531"
            ],
            "index": "pypi",
            "version": "==1.18.2"
        },
        "pyparsing": {
            "hashes": [
                "sha256:c203ec8783bf771a155b207279b9bccb8dea02d8f0c9e5f8ead507bc3246ecc1",
                "sha256:ef9d7589ef3c200abe66653d3f1ab1033c3c419ae9b9bdb1240a85b024efc88b"
            ],
            "version": "==2.4.7"
        },
        "pypdf2": {
            "hashes": [
                "sha256:e28f902f2f0a1603ea95ebe21dff311ef09be3d0f0ef29a3e44a932729564385"
            ],
            "index": "pypi",
            "version": "==1.26.0"
        },
        "pyrect": {
            "hashes": [
                "sha256:3b2fa7353ce32a11aa6b0a15495968d2a763423c8947ae248b92c037def4e202"
            ],
            "index": "pypi",
            "version": "==0.1.4"
        },
        "pyside2": {
            "hashes": [
                "sha256:11bba54a62bcd9d7879d3e74cc54c0054c8c6dcdf011ecee9b47c5229cbd7af9",
                "sha256:578b727a5a254cfd509ea2f1fa31779f217a2a1d765c770727662dac950d60eb",
                "sha256:72feeb655958791383085bcb3154f6b3e193c1d66b6aa771c4244a6cafd62b7e",
                "sha256:77474e11c0bb3efa2d7e8506fe0f36049585ba911b8242e070b5f8978e5ba6f7",
                "sha256:c9f59e8c49a9a3b0cca04d8468becd8a562eb9ad0ac1d4d9a8622d2dfa3ce4c9",
                "sha256:ce43f98333443242cd3fe976d72fcb3acf6bb7fa40dd5949e59947a501d5dd72"
            ],
            "index": "pypi",
            "version": "==5.14.0"
        },
        "reportlab": {
            "hashes": [
                "sha256:149f0eeb4ea716441638b05fd6d3667d32f1463f3eac50b63e100a73a5533cdd",
                "sha256:1aa9a2e1a87749db265b592ad25e498b39f70fce9f53a012cdf69f74259b6e43",
                "sha256:1f5ce489adb2db2862249492e6367539cfa65b781cb06dcf13363dc52219be7e",
                "sha256:23b28ba1784a6c52a926c075abd9f396d03670e71934b24db5ff684f8b870e0f",
                "sha256:3d3de0f4facdd7e3c56ecbc55733a958b86c35a8e7ba6066c7b1ba383e282f58",
                "sha256:484d346b8f463ba2ddaf6d365c6ac5971cd062528b6d5ba68cac02b9435366c5",
                "sha256:4da2467def21f2e20720b21f6c18e7f7866720a955c716b990e94e3979fe913f",
                "sha256:5ebdf22daee7d8e630134d94f477fe6abd65a65449d4eec682a7b458b5249604",
                "sha256:655a1b68be18a73fec5233fb5d81f726b4db32269e487aecf5b6853cca926d86",
                "sha256:6c535a304888dafe50c2c24d4924aeefc11e0542488ee6965f6133d415e86bbc",
                "sha256:7560ef655ac6448bb257fd34bfdfb8d546f9c7c0900ed8963fb8509f75e8ca80",
                "sha256:7a1c2fa3e6310dbe47efee2020dc0f25be7a75ff09a8fedc4a87d4397f3810c1",
                "sha256:817c344b9aa53b5bfc2f58ff82111a1e85ca4c8b68d1add088b547360a6ebcfa",
                "sha256:81d950e398d6758aeaeeb267aa1a62940735414c980f77dd0a270cef1782a43d",
                "sha256:83ef44936ef4e9c432d62bc2b72ec8d772b87af319d123e827a72e9b6884c851",
                "sha256:9f975adc2c7a236403f0bc91d7a3916e644e47b1f1e3990325f15e73b83581ec",
                "sha256:a5ca59e2b7e70a856de6db9dadd3e11a1b3b471c999585284d5c1d479c01cf5d",
                "sha256:ad2cf5a673c05fae9e91e987994b95205c13c5fa55d7393cf8b06f9de6f92990",
                "sha256:b8c3d76276372f87b7c8ff22065dbc072cca5ffb06ba0267edc298df7acf942d",
                "sha256:b93f7f908e916d9413dd8c04da1ccb3977e446803f59078424decdc0de449133",
                "sha256:c0ecd0af92c759edec0d24ba92f4a18c28d4a19229ae7c8249f94e82f3d76288",
                "sha256:c9e38eefc90a02c072a87a627ff66b2d67c23f6f82274d2aa7fb28e644e8f409",
                "sha256:ca2a1592d2e181a04372d0276ee847308ea206dfe7c86fe94769e7ac126e6e85",
                "sha256:ce1dfc9beec83e66250ca3afaf5ddf6b9a3ce70a30a9526dec7c6bec3266baf1",
                "sha256:d3550c90751132b26b72a78954905974f33b1237335fbe0d8be957f9636c376a",
                "sha256:e35a574f4e5ec0fdd5dc354e74ec143d853abd7f76db435ffe2a57d0161a22eb",
                "sha256:ee5cafca6ef1a38fef8cbf3140dd2198ad1ee82331530b546039216ef94f93cb",
                "sha256:fa1c969176cb3594a785c6818bcb943ebd49453791f702380b13a35fa23b385a"
            ],
            "index": "pypi",
            "version": "==3.5.32"
        },
        "shiboken2": {
            "hashes": [
                "sha256:101fc366798f88cbff13586907f3755bebbd9304e66626fb6b0f6b28e0c9a5d2",
                "sha256:47c7c2652f578b37588e8b6daff3a852b3c88ae0f83be13886e4a74859e81763",
                "sha256:4f138656fc755399776062c89492d61f887d4e5fe7c78cded73917e80afcf2f5",
                "sha256:676fef81e4d95b02816fde7359c1f2604efa3edd34b05ab0da42c57c7555f7d7",
                "sha256:a88267c7cc17501effc6b1b36d85e7ab28173af939b975ea42716ed12493b478",
                "sha256:ab3ba84784c9641a11a21a8c64d494fa8b57be25e081e77f76747d543699f03c"
            ],
            "version": "==5.14.0"
        },
        "svgwrite": {
            "hashes": [
                "sha256:11e47749b159ed7004721e11d380b4642a26154b8cb2f7b0102fea9c71a3dfa1",
                "sha256:50fec23dc3fd49103808f0d672124f8c573ec5899da5686df734f856b8d3b737"
            ],
            "index": "pypi",
            "version": "==1.3.1"
        },
        "typing-extensions": {
            "hashes": [
                "sha256:0ac0f89795dd19de6b97debb0c6af1c70987fd80a2d62d1958f7e56fcc31b497",
                "sha256:50b6f157849174217d0656f99dc82fe932884fb250826c18350e159ec6cdf342",
                "sha256:779383f6086d90c99ae41cf0ff39aac8a7937a9283ce0a414e5dd782f4c94a84"
            ],
            "markers": "python_version < '3.8'",
            "version": "==3.10.0.0"
        },
        "zipp": {
            "hashes": [
                "sha256:3607921face881ba3e026887d8150cca609d517579abe052ac81fc5aeffdbd76",
                "sha256:51cb66cc54621609dd593d1787f286ee42a5c0adbb4b29abea5a63edc3e03098"
            ],
            "version": "==3.4.1"
        }
    },
    "develop": {
        "autopep8": {
            "hashes": [
                "sha256:4d8eec30cc81bc5617dbf1218201d770dc35629363547f17577c61683ccfb3ee"
            ],
            "index": "pypi",
            "version": "==1.4.4"
        },
        "entrypoints": {
            "hashes": [
                "sha256:589f874b313739ad35be6e0cd7efde2a4e9b6fea91edcc34e58ecbb8dbe56d19",
                "sha256:c70dd71abe5a8c85e55e12c19bd91ccfeec11a6e99044204511f9ed547d48451"
            ],
            "version": "==0.3"
        },
        "flake8": {
            "hashes": [
                "sha256:45681a117ecc81e870cbf1262835ae4af5e7a8b08e40b944a8a6e6b895914cfb",
                "sha256:49356e766643ad15072a789a20915d3c91dc89fd313ccd71802303fd67e4deca"
            ],
            "index": "pypi",
            "version": "==3.7.9"
        },
        "mccabe": {
            "hashes": [
                "sha256:ab8a6258860da4b6677da4bd2fe5dc2c659cff31b3ee4f7f5d64e79735b80d42",
                "sha256:dd8d182285a0fe56bace7f45b5e7d1a6ebcbf524e8f3bd87eb0f125271b8831f"
            ],
            "version": "==0.6.1"
        },
        "pycodestyle": {
            "hashes": [
                "sha256:95a2219d12372f05704562a14ec30bc76b05a5b297b21a5dfe3f6fac3491ae56",
                "sha256:e40a936c9a450ad81df37f549d676d127b1b66000a6c500caa2b085bc0ca976c"
            ],
            "version": "==2.5.0"
        },
        "pyflakes": {
            "hashes": [
                "sha256:17dbeb2e3f4d772725c777fabc446d5634d1038f234e77343108ce445ea69ce0",
                "sha256:d976835886f8c5b31d47970ed689944a0262b5f3afa00a5a7b4dc81e5449f8a2"
            ],
            "version": "==2.1.1"
        },
        "rope": {
            "hashes": [
                "sha256:6b728fdc3e98a83446c27a91fc5d56808a004f8beab7a31ab1d7224cecc7d969",
                "sha256:c5c5a6a87f7b1a2095fb311135e2a3d1f194f5ecb96900fdd0a9100881f48aaf",
                "sha256:f0dcf719b63200d492b85535ebe5ea9b29e0d0b8aebeb87fe03fc1a65924fdaf"
            ],
            "index": "pypi",
            "version": "==0.14.0"
        },
        "yapf": {
            "hashes": [
                "sha256:712e23c468506bf12cadd10169f852572ecc61b266258422d45aaf4ad7ef43de",
                "sha256:cad8a272c6001b3401de3278238fdc54997b6c2e56baa751788915f879a52fca"
            ],
            "index": "pypi",
            "version": "==0.29.0"
        }
    }
}
